// !$*UTF8*$!
{
	archiveVersion = 1;
	classes = {
	};
	objectVersion = 56;
	objects = {

/* Begin PBXBuildFile section */
		B0B7A73F2B41E6550018F8FE /* AppDelegate.swift in Sources */ = {isa = PBXBuildFile; fileRef = B0B7A73E2B41E6550018F8FE /* AppDelegate.swift */; };
		B0B7A7412B41E6550018F8FE /* SceneDelegate.swift in Sources */ = {isa = PBXBuildFile; fileRef = B0B7A7402B41E6550018F8FE /* SceneDelegate.swift */; };
		B0B7A7432B41E6550018F8FE /* ViewController.swift in Sources */ = {isa = PBXBuildFile; fileRef = B0B7A7422B41E6550018F8FE /* ViewController.swift */; };
		B0B7A7462B41E6550018F8FE /* Main.storyboard in Resources */ = {isa = PBXBuildFile; fileRef = B0B7A7442B41E6550018F8FE /* Main.storyboard */; };
		B0B7A7482B41E6550018F8FE /* Assets.xcassets in Resources */ = {isa = PBXBuildFile; fileRef = B0B7A7472B41E6550018F8FE /* Assets.xcassets */; };
		B0B7A74B2B41E6550018F8FE /* LaunchScreen.storyboard in Resources */ = {isa = PBXBuildFile; fileRef = B0B7A7492B41E6550018F8FE /* LaunchScreen.storyboard */; };
		B0B7A7562B41E6560018F8FE /* LoteriaTests.swift in Sources */ = {isa = PBXBuildFile; fileRef = B0B7A7552B41E6560018F8FE /* LoteriaTests.swift */; };
		B0B7A7602B41E6560018F8FE /* LoteriaUITests.swift in Sources */ = {isa = PBXBuildFile; fileRef = B0B7A75F2B41E6560018F8FE /* LoteriaUITests.swift */; };
		B0B7A7622B41E6560018F8FE /* LoteriaUITestsLaunchTests.swift in Sources */ = {isa = PBXBuildFile; fileRef = B0B7A7612B41E6560018F8FE /* LoteriaUITestsLaunchTests.swift */; };
/* End PBXBuildFile section */

/* Begin PBXContainerItemProxy section */
		B0B7A7522B41E6560018F8FE /* PBXContainerItemProxy */ = {
			isa = PBXContainerItemProxy;
			containerPortal = B0B7A7332B41E6540018F8FE /* Project object */;
			proxyType = 1;
			remoteGlobalIDString = B0B7A73A2B41E6550018F8FE;
			remoteInfo = Loteria;
		};
		B0B7A75C2B41E6560018F8FE /* PBXContainerItemProxy */ = {
			isa = PBXContainerItemProxy;
			containerPortal = B0B7A7332B41E6540018F8FE /* Project object */;
			proxyType = 1;
			remoteGlobalIDString = B0B7A73A2B41E6550018F8FE;
			remoteInfo = Loteria;
		};
/* End PBXContainerItemProxy section */

/* Begin PBXFileReference section */
		B0B7A73B2B41E6550018F8FE /* Loteria.app */ = {isa = PBXFileReference; explicitFileType = wrapper.application; includeInIndex = 0; path = Loteria.app; sourceTree = BUILT_PRODUCTS_DIR; };
		B0B7A73E2B41E6550018F8FE /* AppDelegate.swift */ = {isa = PBXFileReference; lastKnownFileType = sourcecode.swift; path = AppDelegate.swift; sourceTree = "<group>"; };
		B0B7A7402B41E6550018F8FE /* SceneDelegate.swift */ = {isa = PBXFileReference; lastKnownFileType = sourcecode.swift; path = SceneDelegate.swift; sourceTree = "<group>"; };
		B0B7A7422B41E6550018F8FE /* ViewController.swift */ = {isa = PBXFileReference; lastKnownFileType = sourcecode.swift; path = ViewController.swift; sourceTree = "<group>"; };
		B0B7A7452B41E6550018F8FE /* Base */ = {isa = PBXFileReference; lastKnownFileType = file.storyboard; name = Base; path = Base.lproj/Main.storyboard; sourceTree = "<group>"; };
		B0B7A7472B41E6550018F8FE /* Assets.xcassets */ = {isa = PBXFileReference; lastKnownFileType = folder.assetcatalog; path = Assets.xcassets; sourceTree = "<group>"; };
		B0B7A74A2B41E6550018F8FE /* Base */ = {isa = PBXFileReference; lastKnownFileType = file.storyboard; name = Base; path = Base.lproj/LaunchScreen.storyboard; sourceTree = "<group>"; };
		B0B7A74C2B41E6550018F8FE /* Info.plist */ = {isa = PBXFileReference; lastKnownFileType = text.plist.xml; path = Info.plist; sourceTree = "<group>"; };
		B0B7A7512B41E6560018F8FE /* LoteriaTests.xctest */ = {isa = PBXFileReference; explicitFileType = wrapper.cfbundle; includeInIndex = 0; path = LoteriaTests.xctest; sourceTree = BUILT_PRODUCTS_DIR; };
		B0B7A7552B41E6560018F8FE /* LoteriaTests.swift */ = {isa = PBXFileReference; lastKnownFileType = sourcecode.swift; path = LoteriaTests.swift; sourceTree = "<group>"; };
		B0B7A75B2B41E6560018F8FE /* LoteriaUITests.xctest */ = {isa = PBXFileReference; explicitFileType = wrapper.cfbundle; includeInIndex = 0; path = LoteriaUITests.xctest; sourceTree = BUILT_PRODUCTS_DIR; };
		B0B7A75F2B41E6560018F8FE /* LoteriaUITests.swift */ = {isa = PBXFileReference; lastKnownFileType = sourcecode.swift; path = LoteriaUITests.swift; sourceTree = "<group>"; };
		B0B7A7612B41E6560018F8FE /* LoteriaUITestsLaunchTests.swift */ = {isa = PBXFileReference; lastKnownFileType = sourcecode.swift; path = LoteriaUITestsLaunchTests.swift; sourceTree = "<group>"; };
/* End PBXFileReference section */

/* Begin PBXFrameworksBuildPhase section */
		B0B7A7382B41E6550018F8FE /* Frameworks */ = {
			isa = PBXFrameworksBuildPhase;
			buildActionMask = 2147483647;
			files = (
			);
			runOnlyForDeploymentPostprocessing = 0;
		};
		B0B7A74E2B41E6560018F8FE /* Frameworks */ = {
			isa = PBXFrameworksBuildPhase;
			buildActionMask = 2147483647;
			files = (
			);
			runOnlyForDeploymentPostprocessing = 0;
		};
		B0B7A7582B41E6560018F8FE /* Frameworks */ = {
			isa = PBXFrameworksBuildPhase;
			buildActionMask = 2147483647;
			files = (
			);
			runOnlyForDeploymentPostprocessing = 0;
		};
/* End PBXFrameworksBuildPhase section */

/* Begin PBXGroup section */
		B0B7A7322B41E6540018F8FE = {
			isa = PBXGroup;
			children = (
				B0B7A73D2B41E6550018F8FE /* Loteria */,
				B0B7A7542B41E6560018F8FE /* LoteriaTests */,
				B0B7A75E2B41E6560018F8FE /* LoteriaUITests */,
				B0B7A73C2B41E6550018F8FE /* Products */,
			);
			sourceTree = "<group>";
		};
		B0B7A73C2B41E6550018F8FE /* Products */ = {
			isa = PBXGroup;
			children = (
				B0B7A73B2B41E6550018F8FE /* Loteria.app */,
				B0B7A7512B41E6560018F8FE /* LoteriaTests.xctest */,
				B0B7A75B2B41E6560018F8FE /* LoteriaUITests.xctest */,
			);
			name = Products;
			sourceTree = "<group>";
		};
		B0B7A73D2B41E6550018F8FE /* Loteria */ = {
			isa = PBXGroup;
			children = (
				B0B7A73E2B41E6550018F8FE /* AppDelegate.swift */,
				B0B7A7402B41E6550018F8FE /* SceneDelegate.swift */,
				B0B7A7422B41E6550018F8FE /* ViewController.swift */,
				B0B7A7442B41E6550018F8FE /* Main.storyboard */,
				B0B7A7472B41E6550018F8FE /* Assets.xcassets */,
				B0B7A7492B41E6550018F8FE /* LaunchScreen.storyboard */,
				B0B7A74C2B41E6550018F8FE /* Info.plist */,
			);
			path = Loteria;
			sourceTree = "<group>";
		};
		B0B7A7542B41E6560018F8FE /* LoteriaTests */ = {
			isa = PBXGroup;
			children = (
				B0B7A7552B41E6560018F8FE /* LoteriaTests.swift */,
			);
			path = LoteriaTests;
			sourceTree = "<group>";
		};
		B0B7A75E2B41E6560018F8FE /* LoteriaUITests */ = {
			isa = PBXGroup;
			children = (
				B0B7A75F2B41E6560018F8FE /* LoteriaUITests.swift */,
				B0B7A7612B41E6560018F8FE /* LoteriaUITestsLaunchTests.swift */,
			);
			path = LoteriaUITests;
			sourceTree = "<group>";
		};
/* End PBXGroup section */

/* Begin PBXNativeTarget section */
		B0B7A73A2B41E6550018F8FE /* Loteria */ = {
			isa = PBXNativeTarget;
			buildConfigurationList = B0B7A7652B41E6560018F8FE /* Build configuration list for PBXNativeTarget "Loteria" */;
			buildPhases = (
				B0B7A7372B41E6550018F8FE /* Sources */,
				B0B7A7382B41E6550018F8FE /* Frameworks */,
				B0B7A7392B41E6550018F8FE /* Resources */,
			);
			buildRules = (
			);
			dependencies = (
			);
			name = Loteria;
			productName = Loteria;
			productReference = B0B7A73B2B41E6550018F8FE /* Loteria.app */;
			productType = "com.apple.product-type.application";
		};
		B0B7A7502B41E6560018F8FE /* LoteriaTests */ = {
			isa = PBXNativeTarget;
			buildConfigurationList = B0B7A7682B41E6560018F8FE /* Build configuration list for PBXNativeTarget "LoteriaTests" */;
			buildPhases = (
				B0B7A74D2B41E6560018F8FE /* Sources */,
				B0B7A74E2B41E6560018F8FE /* Frameworks */,
				B0B7A74F2B41E6560018F8FE /* Resources */,
			);
			buildRules = (
			);
			dependencies = (
				B0B7A7532B41E6560018F8FE /* PBXTargetDependency */,
			);
			name = LoteriaTests;
			productName = LoteriaTests;
			productReference = B0B7A7512B41E6560018F8FE /* LoteriaTests.xctest */;
			productType = "com.apple.product-type.bundle.unit-test";
		};
		B0B7A75A2B41E6560018F8FE /* LoteriaUITests */ = {
			isa = PBXNativeTarget;
			buildConfigurationList = B0B7A76B2B41E6560018F8FE /* Build configuration list for PBXNativeTarget "LoteriaUITests" */;
			buildPhases = (
				B0B7A7572B41E6560018F8FE /* Sources */,
				B0B7A7582B41E6560018F8FE /* Frameworks */,
				B0B7A7592B41E6560018F8FE /* Resources */,
			);
			buildRules = (
			);
			dependencies = (
				B0B7A75D2B41E6560018F8FE /* PBXTargetDependency */,
			);
			name = LoteriaUITests;
			productName = LoteriaUITests;
			productReference = B0B7A75B2B41E6560018F8FE /* LoteriaUITests.xctest */;
			productType = "com.apple.product-type.bundle.ui-testing";
		};
/* End PBXNativeTarget section */

/* Begin PBXProject section */
		B0B7A7332B41E6540018F8FE /* Project object */ = {
			isa = PBXProject;
			attributes = {
				BuildIndependentTargetsInParallel = 1;
				LastSwiftUpdateCheck = 1430;
				LastUpgradeCheck = 1430;
				TargetAttributes = {
					B0B7A73A2B41E6550018F8FE = {
						CreatedOnToolsVersion = 14.3.1;
					};
					B0B7A7502B41E6560018F8FE = {
						CreatedOnToolsVersion = 14.3.1;
						TestTargetID = B0B7A73A2B41E6550018F8FE;
					};
					B0B7A75A2B41E6560018F8FE = {
						CreatedOnToolsVersion = 14.3.1;
						TestTargetID = B0B7A73A2B41E6550018F8FE;
					};
				};
			};
			buildConfigurationList = B0B7A7362B41E6540018F8FE /* Build configuration list for PBXProject "Loteria" */;
			compatibilityVersion = "Xcode 14.0";
			developmentRegion = en;
			hasScannedForEncodings = 0;
			knownRegions = (
				en,
				Base,
			);
			mainGroup = B0B7A7322B41E6540018F8FE;
			productRefGroup = B0B7A73C2B41E6550018F8FE /* Products */;
			projectDirPath = "";
			projectRoot = "";
			targets = (
				B0B7A73A2B41E6550018F8FE /* Loteria */,
				B0B7A7502B41E6560018F8FE /* LoteriaTests */,
				B0B7A75A2B41E6560018F8FE /* LoteriaUITests */,
			);
		};
/* End PBXProject section */

/* Begin PBXResourcesBuildPhase section */
		B0B7A7392B41E6550018F8FE /* Resources */ = {
			isa = PBXResourcesBuildPhase;
			buildActionMask = 2147483647;
			files = (
				B0B7A74B2B41E6550018F8FE /* LaunchScreen.storyboard in Resources */,
				B0B7A7482B41E6550018F8FE /* Assets.xcassets in Resources */,
				B0B7A7462B41E6550018F8FE /* Main.storyboard in Resources */,
			);
			runOnlyForDeploymentPostprocessing = 0;
		};
		B0B7A74F2B41E6560018F8FE /* Resources */ = {
			isa = PBXResourcesBuildPhase;
			buildActionMask = 2147483647;
			files = (
			);
			runOnlyForDeploymentPostprocessing = 0;
		};
		B0B7A7592B41E6560018F8FE /* Resources */ = {
			isa = PBXResourcesBuildPhase;
			buildActionMask = 2147483647;
			files = (
			);
			runOnlyForDeploymentPostprocessing = 0;
		};
/* End PBXResourcesBuildPhase section */

/* Begin PBXSourcesBuildPhase section */
		B0B7A7372B41E6550018F8FE /* Sources */ = {
			isa = PBXSourcesBuildPhase;
			buildActionMask = 2147483647;
			files = (
				B0B7A7432B41E6550018F8FE /* ViewController.swift in Sources */,
				B0B7A73F2B41E6550018F8FE /* AppDelegate.swift in Sources */,
				B0B7A7412B41E6550018F8FE /* SceneDelegate.swift in Sources */,
			);
			runOnlyForDeploymentPostprocessing = 0;
		};
		B0B7A74D2B41E6560018F8FE /* Sources */ = {
			isa = PBXSourcesBuildPhase;
			buildActionMask = 2147483647;
			files = (
				B0B7A7562B41E6560018F8FE /* LoteriaTests.swift in Sources */,
			);
			runOnlyForDeploymentPostprocessing = 0;
		};
		B0B7A7572B41E6560018F8FE /* Sources */ = {
			isa = PBXSourcesBuildPhase;
			buildActionMask = 2147483647;
			files = (
				B0B7A7602B41E6560018F8FE /* LoteriaUITests.swift in Sources */,
				B0B7A7622B41E6560018F8FE /* LoteriaUITestsLaunchTests.swift in Sources */,
			);
			runOnlyForDeploymentPostprocessing = 0;
		};
/* End PBXSourcesBuildPhase section */

/* Begin PBXTargetDependency section */
		B0B7A7532B41E6560018F8FE /* PBXTargetDependency */ = {
			isa = PBXTargetDependency;
			target = B0B7A73A2B41E6550018F8FE /* Loteria */;
			targetProxy = B0B7A7522B41E6560018F8FE /* PBXContainerItemProxy */;
		};
		B0B7A75D2B41E6560018F8FE /* PBXTargetDependency */ = {
			isa = PBXTargetDependency;
			target = B0B7A73A2B41E6550018F8FE /* Loteria */;
			targetProxy = B0B7A75C2B41E6560018F8FE /* PBXContainerItemProxy */;
		};
/* End PBXTargetDependency section */

/* Begin PBXVariantGroup section */
		B0B7A7442B41E6550018F8FE /* Main.storyboard */ = {
			isa = PBXVariantGroup;
			children = (
				B0B7A7452B41E6550018F8FE /* Base */,
			);
			name = Main.storyboard;
			sourceTree = "<group>";
		};
		B0B7A7492B41E6550018F8FE /* LaunchScreen.storyboard */ = {
			isa = PBXVariantGroup;
			children = (
				B0B7A74A2B41E6550018F8FE /* Base */,
			);
			name = LaunchScreen.storyboard;
			sourceTree = "<group>";
		};
/* End PBXVariantGroup section */

/* Begin XCBuildConfiguration section */
		B0B7A7632B41E6560018F8FE /* Debug */ = {
			isa = XCBuildConfiguration;
			buildSettings = {
				ALWAYS_SEARCH_USER_PATHS = NO;
				CLANG_ANALYZER_NONNULL = YES;
				CLANG_ANALYZER_NUMBER_OBJECT_CONVERSION = YES_AGGRESSIVE;
				CLANG_CXX_LANGUAGE_STANDARD = "gnu++20";
				CLANG_ENABLE_MODULES = YES;
				CLANG_ENABLE_OBJC_ARC = YES;
				CLANG_ENABLE_OBJC_WEAK = YES;
				CLANG_WARN_BLOCK_CAPTURE_AUTORELEASING = YES;
				CLANG_WARN_BOOL_CONVERSION = YES;
				CLANG_WARN_COMMA = YES;
				CLANG_WARN_CONSTANT_CONVERSION = YES;
				CLANG_WARN_DEPRECATED_OBJC_IMPLEMENTATIONS = YES;
				CLANG_WARN_DIRECT_OBJC_ISA_USAGE = YES_ERROR;
				CLANG_WARN_DOCUMENTATION_COMMENTS = YES;
				CLANG_WARN_EMPTY_BODY = YES;
				CLANG_WARN_ENUM_CONVERSION = YES;
				CLANG_WARN_INFINITE_RECURSION = YES;
				CLANG_WARN_INT_CONVERSION = YES;
				CLANG_WARN_NON_LITERAL_NULL_CONVERSION = YES;
				CLANG_WARN_OBJC_IMPLICIT_RETAIN_SELF = YES;
				CLANG_WARN_OBJC_LITERAL_CONVERSION = YES;
				CLANG_WARN_OBJC_ROOT_CLASS = YES_ERROR;
				CLANG_WARN_QUOTED_INCLUDE_IN_FRAMEWORK_HEADER = YES;
				CLANG_WARN_RANGE_LOOP_ANALYSIS = YES;
				CLANG_WARN_STRICT_PROTOTYPES = YES;
				CLANG_WARN_SUSPICIOUS_MOVE = YES;
				CLANG_WARN_UNGUARDED_AVAILABILITY = YES_AGGRESSIVE;
				CLANG_WARN_UNREACHABLE_CODE = YES;
				CLANG_WARN__DUPLICATE_METHOD_MATCH = YES;
				COPY_PHASE_STRIP = NO;
				DEBUG_INFORMATION_FORMAT = dwarf;
				ENABLE_STRICT_OBJC_MSGSEND = YES;
				ENABLE_TESTABILITY = YES;
				GCC_C_LANGUAGE_STANDARD = gnu11;
				GCC_DYNAMIC_NO_PIC = NO;
				GCC_NO_COMMON_BLOCKS = YES;
				GCC_OPTIMIZATION_LEVEL = 0;
				GCC_PREPROCESSOR_DEFINITIONS = (
					"DEBUG=1",
					"$(inherited)",
				);
				GCC_WARN_64_TO_32_BIT_CONVERSION = YES;
				GCC_WARN_ABOUT_RETURN_TYPE = YES_ERROR;
				GCC_WARN_UNDECLARED_SELECTOR = YES;
				GCC_WARN_UNINITIALIZED_AUTOS = YES_AGGRESSIVE;
				GCC_WARN_UNUSED_FUNCTION = YES;
				GCC_WARN_UNUSED_VARIABLE = YES;
				IPHONEOS_DEPLOYMENT_TARGET = 16.4;
				MTL_ENABLE_DEBUG_INFO = INCLUDE_SOURCE;
				MTL_FAST_MATH = YES;
				ONLY_ACTIVE_ARCH = YES;
				SDKROOT = iphoneos;
				SWIFT_ACTIVE_COMPILATION_CONDITIONS = DEBUG;
				SWIFT_OPTIMIZATION_LEVEL = "-Onone";
			};
			name = Debug;
		};
		B0B7A7642B41E6560018F8FE /* Release */ = {
			isa = XCBuildConfiguration;
			buildSettings = {
				ALWAYS_SEARCH_USER_PATHS = NO;
				CLANG_ANALYZER_NONNULL = YES;
				CLANG_ANALYZER_NUMBER_OBJECT_CONVERSION = YES_AGGRESSIVE;
				CLANG_CXX_LANGUAGE_STANDARD = "gnu++20";
				CLANG_ENABLE_MODULES = YES;
				CLANG_ENABLE_OBJC_ARC = YES;
				CLANG_ENABLE_OBJC_WEAK = YES;
				CLANG_WARN_BLOCK_CAPTURE_AUTORELEASING = YES;
				CLANG_WARN_BOOL_CONVERSION = YES;
				CLANG_WARN_COMMA = YES;
				CLANG_WARN_CONSTANT_CONVERSION = YES;
				CLANG_WARN_DEPRECATED_OBJC_IMPLEMENTATIONS = YES;
				CLANG_WARN_DIRECT_OBJC_ISA_USAGE = YES_ERROR;
				CLANG_WARN_DOCUMENTATION_COMMENTS = YES;
				CLANG_WARN_EMPTY_BODY = YES;
				CLANG_WARN_ENUM_CONVERSION = YES;
				CLANG_WARN_INFINITE_RECURSION = YES;
				CLANG_WARN_INT_CONVERSION = YES;
				CLANG_WARN_NON_LITERAL_NULL_CONVERSION = YES;
				CLANG_WARN_OBJC_IMPLICIT_RETAIN_SELF = YES;
				CLANG_WARN_OBJC_LITERAL_CONVERSION = YES;
				CLANG_WARN_OBJC_ROOT_CLASS = YES_ERROR;
				CLANG_WARN_QUOTED_INCLUDE_IN_FRAMEWORK_HEADER = YES;
				CLANG_WARN_RANGE_LOOP_ANALYSIS = YES;
				CLANG_WARN_STRICT_PROTOTYPES = YES;
				CLANG_WARN_SUSPICIOUS_MOVE = YES;
				CLANG_WARN_UNGUARDED_AVAILABILITY = YES_AGGRESSIVE;
				CLANG_WARN_UNREACHABLE_CODE = YES;
				CLANG_WARN__DUPLICATE_METHOD_MATCH = YES;
				COPY_PHASE_STRIP = NO;
				DEBUG_INFORMATION_FORMAT = "dwarf-with-dsym";
				ENABLE_NS_ASSERTIONS = NO;
				ENABLE_STRICT_OBJC_MSGSEND = YES;
				GCC_C_LANGUAGE_STANDARD = gnu11;
				GCC_NO_COMMON_BLOCKS = YES;
				GCC_WARN_64_TO_32_BIT_CONVERSION = YES;
				GCC_WARN_ABOUT_RETURN_TYPE = YES_ERROR;
				GCC_WARN_UNDECLARED_SELECTOR = YES;
				GCC_WARN_UNINITIALIZED_AUTOS = YES_AGGRESSIVE;
				GCC_WARN_UNUSED_FUNCTION = YES;
				GCC_WARN_UNUSED_VARIABLE = YES;
				IPHONEOS_DEPLOYMENT_TARGET = 16.4;
				MTL_ENABLE_DEBUG_INFO = NO;
				MTL_FAST_MATH = YES;
				SDKROOT = iphoneos;
				SWIFT_COMPILATION_MODE = wholemodule;
				SWIFT_OPTIMIZATION_LEVEL = "-O";
				VALIDATE_PRODUCT = YES;
			};
			name = Release;
		};
		B0B7A7662B41E6560018F8FE /* Debug */ = {
			isa = XCBuildConfiguration;
			buildSettings = {
				ASSETCATALOG_COMPILER_APPICON_NAME = AppIcon;
				ASSETCATALOG_COMPILER_GLOBAL_ACCENT_COLOR_NAME = AccentColor;
				CODE_SIGN_STYLE = Automatic;
				CURRENT_PROJECT_VERSION = 1;
				GENERATE_INFOPLIST_FILE = YES;
				INFOPLIST_FILE = Loteria/Info.plist;
				INFOPLIST_KEY_UIApplicationSupportsIndirectInputEvents = YES;
				INFOPLIST_KEY_UILaunchStoryboardName = LaunchScreen;
				INFOPLIST_KEY_UIMainStoryboardFile = Main;
				INFOPLIST_KEY_UISupportedInterfaceOrientations_iPad = "UIInterfaceOrientationPortrait UIInterfaceOrientationPortraitUpsideDown UIInterfaceOrientationLandscapeLeft UIInterfaceOrientationLandscapeRight";
				INFOPLIST_KEY_UISupportedInterfaceOrientations_iPhone = "UIInterfaceOrientationPortrait UIInterfaceOrientationLandscapeLeft UIInterfaceOrientationLandscapeRight";
				LD_RUNPATH_SEARCH_PATHS = (
					"$(inherited)",
					"@executable_path/Frameworks",
				);
				MARKETING_VERSION = 1.0;
				PRODUCT_BUNDLE_IDENTIFIER = com.emersonfiwre.Loteria;
				PRODUCT_NAME = "$(TARGET_NAME)";
				SWIFT_EMIT_LOC_STRINGS = YES;
				SWIFT_VERSION = 5.0;
				TARGETED_DEVICE_FAMILY = "1,2";
			};
			name = Debug;
		};
		B0B7A7672B41E6560018F8FE /* Release */ = {
			isa = XCBuildConfiguration;
			buildSettings = {
				ASSETCATALOG_COMPILER_APPICON_NAME = AppIcon;
				ASSETCATALOG_COMPILER_GLOBAL_ACCENT_COLOR_NAME = AccentColor;
				CODE_SIGN_STYLE = Automatic;
				CURRENT_PROJECT_VERSION = 1;
				GENERATE_INFOPLIST_FILE = YES;
				INFOPLIST_FILE = Loteria/Info.plist;
				INFOPLIST_KEY_UIApplicationSupportsIndirectInputEvents = YES;
				INFOPLIST_KEY_UILaunchStoryboardName = LaunchScreen;
				INFOPLIST_KEY_UIMainStoryboardFile = Main;
				INFOPLIST_KEY_UISupportedInterfaceOrientations_iPad = "UIInterfaceOrientationPortrait UIInterfaceOrientationPortraitUpsideDown UIInterfaceOrientationLandscapeLeft UIInterfaceOrientationLandscapeRight";
				INFOPLIST_KEY_UISupportedInterfaceOrientations_iPhone = "UIInterfaceOrientationPortrait UIInterfaceOrientationLandscapeLeft UIInterfaceOrientationLandscapeRight";
				LD_RUNPATH_SEARCH_PATHS = (
					"$(inherited)",
					"@executable_path/Frameworks",
				);
				MARKETING_VERSION = 1.0;
				PRODUCT_BUNDLE_IDENTIFIER = com.emersonfiwre.Loteria;
				PRODUCT_NAME = "$(TARGET_NAME)";
				SWIFT_EMIT_LOC_STRINGS = YES;
				SWIFT_VERSION = 5.0;
				TARGETED_DEVICE_FAMILY = "1,2";
			};
			name = Release;
		};
		B0B7A7692B41E6560018F8FE /* Debug */ = {
			isa = XCBuildConfiguration;
			buildSettings = {
				ALWAYS_EMBED_SWIFT_STANDARD_LIBRARIES = YES;
				BUNDLE_LOADER = "$(TEST_HOST)";
				CODE_SIGN_STYLE = Automatic;
				CURRENT_PROJECT_VERSION = 1;
				GENERATE_INFOPLIST_FILE = YES;
				IPHONEOS_DEPLOYMENT_TARGET = 16.4;
				MARKETING_VERSION = 1.0;
				PRODUCT_BUNDLE_IDENTIFIER = com.emersonfiwre.LoteriaTests;
				PRODUCT_NAME = "$(TARGET_NAME)";
				SWIFT_EMIT_LOC_STRINGS = NO;
				SWIFT_VERSION = 5.0;
				TARGETED_DEVICE_FAMILY = "1,2";
				TEST_HOST = "$(BUILT_PRODUCTS_DIR)/Loteria.app/$(BUNDLE_EXECUTABLE_FOLDER_PATH)/Loteria";
			};
			name = Debug;
		};
		B0B7A76A2B41E6560018F8FE /* Release */ = {
			isa = XCBuildConfiguration;
			buildSettings = {
				ALWAYS_EMBED_SWIFT_STANDARD_LIBRARIES = YES;
				BUNDLE_LOADER = "$(TEST_HOST)";
				CODE_SIGN_STYLE = Automatic;
				CURRENT_PROJECT_VERSION = 1;
				GENERATE_INFOPLIST_FILE = YES;
				IPHONEOS_DEPLOYMENT_TARGET = 16.4;
				MARKETING_VERSION = 1.0;
				PRODUCT_BUNDLE_IDENTIFIER = com.emersonfiwre.LoteriaTests;
				PRODUCT_NAME = "$(TARGET_NAME)";
				SWIFT_EMIT_LOC_STRINGS = NO;
				SWIFT_VERSION = 5.0;
				TARGETED_DEVICE_FAMILY = "1,2";
				TEST_HOST = "$(BUILT_PRODUCTS_DIR)/Loteria.app/$(BUNDLE_EXECUTABLE_FOLDER_PATH)/Loteria";
			};
			name = Release;
		};
		B0B7A76C2B41E6560018F8FE /* Debug */ = {
			isa = XCBuildConfiguration;
			buildSettings = {
				ALWAYS_EMBED_SWIFT_STANDARD_LIBRARIES = YES;
				CODE_SIGN_STYLE = Automatic;
				CURRENT_PROJECT_VERSION = 1;
				GENERATE_INFOPLIST_FILE = YES;
				MARKETING_VERSION = 1.0;
				PRODUCT_BUNDLE_IDENTIFIER = com.emersonfiwre.LoteriaUITests;
				PRODUCT_NAME = "$(TARGET_NAME)";
				SWIFT_EMIT_LOC_STRINGS = NO;
				SWIFT_VERSION = 5.0;
				TARGETED_DEVICE_FAMILY = "1,2";
				TEST_TARGET_NAME = Loteria;
			};
			name = Debug;
		};
		B0B7A76D2B41E6560018F8FE /* Release */ = {
			isa = XCBuildConfiguration;
			buildSettings = {
				ALWAYS_EMBED_SWIFT_STANDARD_LIBRARIES = YES;
				CODE_SIGN_STYLE = Automatic;
				CURRENT_PROJECT_VERSION = 1;
				GENERATE_INFOPLIST_FILE = YES;
				MARKETING_VERSION = 1.0;
				PRODUCT_BUNDLE_IDENTIFIER = com.emersonfiwre.LoteriaUITests;
				PRODUCT_NAME = "$(TARGET_NAME)";
				SWIFT_EMIT_LOC_STRINGS = NO;
				SWIFT_VERSION = 5.0;
				TARGETED_DEVICE_FAMILY = "1,2";
				TEST_TARGET_NAME = Loteria;
			};
			name = Release;
		};
/* End XCBuildConfiguration section */

/* Begin XCConfigurationList section */
		B0B7A7362B41E6540018F8FE /* Build configuration list for PBXProject "Loteria" */ = {
			isa = XCConfigurationList;
			buildConfigurations = (
				B0B7A7632B41E6560018F8FE /* Debug */,
				B0B7A7642B41E6560018F8FE /* Release */,
			);
			defaultConfigurationIsVisible = 0;
			defaultConfigurationName = Release;
		};
		B0B7A7652B41E6560018F8FE /* Build configuration list for PBXNativeTarget "Loteria" */ = {
			isa = XCConfigurationList;
			buildConfigurations = (
				B0B7A7662B41E6560018F8FE /* Debug */,
				B0B7A7672B41E6560018F8FE /* Release */,
			);
			defaultConfigurationIsVisible = 0;
			defaultConfigurationName = Release;
		};
		B0B7A7682B41E6560018F8FE /* Build configuration list for PBXNativeTarget "LoteriaTests" */ = {
			isa = XCConfigurationList;
			buildConfigurations = (
				B0B7A7692B41E6560018F8FE /* Debug */,
				B0B7A76A2B41E6560018F8FE /* Release */,
			);
			defaultConfigurationIsVisible = 0;
			defaultConfigurationName = Release;
		};
		B0B7A76B2B41E6560018F8FE /* Build configuration list for PBXNativeTarget "LoteriaUITests" */ = {
			isa = XCConfigurationList;
			buildConfigurations = (
				B0B7A76C2B41E6560018F8FE /* Debug */,
				B0B7A76D2B41E6560018F8FE /* Release */,
			);
			defaultConfigurationIsVisible = 0;
			defaultConfigurationName = Release;
		};
/* End XCConfigurationList section */
	};
	rootObject = B0B7A7332B41E6540018F8FE /* Project object */;
}
